agentmap: v1
source: examples/dart/pos/lib/features/appointments/presentation/widgets/appointment_block.dart
source_hash: 8728bca621ddae7a
regions: []
symbols:
- kind: function
  name: AppointmentBlock
  range:
  - 12
  - 12
  doc_capsule: null
- kind: function
  name: appointment
  range:
  - 13
  - 13
  doc_capsule: null
- kind: function
  name: onTap
  range:
  - 14
  - 14
  doc_capsule: null
- kind: function
  name: isSelected
  range:
  - 15
  - 15
  doc_capsule: null
- kind: function
  name: isDragging
  range:
  - 16
  - 16
  doc_capsule: null
- kind: function
  name: AppointmentBlock
  range:
  - 18
  - 18
  doc_capsule: null
- kind: function
  name: key
  range:
  - 19
  - 19
  doc_capsule: null
- kind: function
  name: appointment
  range:
  - 20
  - 20
  doc_capsule: null
- kind: function
  name: onTap
  range:
  - 21
  - 21
  doc_capsule: null
- kind: function
  name: isSelected
  range:
  - 22
  - 22
  doc_capsule: null
- kind: function
  name: isDragging
  range:
  - 23
  - 23
  doc_capsule: null
- kind: function
  name: override
  range:
  - 26
  - 26
  doc_capsule: null
- kind: function
  name: build
  range:
  - 27
  - 27
  doc_capsule: null
- kind: function
  name: context
  range:
  - 27
  - 27
  doc_capsule: null
- kind: function
  name: decoration
  range:
  - 28
  - 28
  doc_capsule: null
- kind: function
  name: CalendarTheme
  range:
  - 28
  - 28
  doc_capsule: null
- kind: function
  name: getAppointmentDecoration
  range:
  - 28
  - 28
  doc_capsule: null
- kind: function
  name: color
  range:
  - 29
  - 29
  doc_capsule: null
- kind: function
  name: appointment
  range:
  - 29
  - 29
  doc_capsule: null
- kind: function
  name: color
  range:
  - 29
  - 29
  doc_capsule: null
- kind: function
  name: isSelected
  range:
  - 30
  - 30
  doc_capsule: null
- kind: function
  name: isSelected
  range:
  - 30
  - 30
  doc_capsule: null
- kind: function
  name: isPast
  range:
  - 31
  - 31
  doc_capsule: null
- kind: function
  name: appointment
  range:
  - 31
  - 31
  doc_capsule: null
- kind: function
  name: isPast
  range:
  - 31
  - 31
  doc_capsule: null
- kind: function
  name: Container
  range:
  - 34
  - 34
  doc_capsule: null
- kind: function
  name: margin
  range:
  - 35
  - 35
  doc_capsule: null
- kind: function
  name: symmetric
  range:
  - 35
  - 35
  doc_capsule: null
- kind: function
  name: horizontal
  range:
  - 35
  - 35
  doc_capsule: null
- kind: function
  name: vertical
  range:
  - 35
  - 35
  doc_capsule: null
- kind: function
  name: decoration
  range:
  - 36
  - 36
  doc_capsule: null
- kind: function
  name: decoration
  range:
  - 36
  - 36
  doc_capsule: null
- kind: function
  name: child
  range:
  - 37
  - 37
  doc_capsule: null
- kind: function
  name: Material
  range:
  - 37
  - 37
  doc_capsule: null
- kind: function
  name: color
  range:
  - 38
  - 38
  doc_capsule: null
- kind: function
  name: Colors
  range:
  - 38
  - 38
  doc_capsule: null
- kind: function
  name: transparent
  range:
  - 38
  - 38
  doc_capsule: null
- kind: function
  name: child
  range:
  - 39
  - 39
  doc_capsule: null
- kind: function
  name: InkWell
  range:
  - 39
  - 39
  doc_capsule: null
- kind: function
  name: onTap
  range:
  - 40
  - 40
  doc_capsule: null
- kind: function
  name: onTap
  range:
  - 40
  - 40
  doc_capsule: null
- kind: function
  name: borderRadius
  range:
  - 41
  - 41
  doc_capsule: null
- kind: function
  name: BorderRadius
  range:
  - 41
  - 41
  doc_capsule: null
- kind: function
  name: circular
  range:
  - 41
  - 41
  doc_capsule: null
- kind: function
  name: child
  range:
  - 42
  - 42
  doc_capsule: null
- kind: function
  name: Container
  range:
  - 42
  - 42
  doc_capsule: null
- kind: function
  name: padding
  range:
  - 43
  - 43
  doc_capsule: null
- kind: function
  name: all
  range:
  - 43
  - 43
  doc_capsule: null
- kind: function
  name: child
  range:
  - 44
  - 44
  doc_capsule: null
- kind: function
  name: Column
  range:
  - 44
  - 44
  doc_capsule: null
- kind: function
  name: crossAxisAlignment
  range:
  - 45
  - 45
  doc_capsule: null
- kind: function
  name: CrossAxisAlignment
  range:
  - 45
  - 45
  doc_capsule: null
- kind: function
  name: start
  range:
  - 45
  - 45
  doc_capsule: null
- kind: function
  name: mainAxisSize
  range:
  - 46
  - 46
  doc_capsule: null
- kind: function
  name: MainAxisSize
  range:
  - 46
  - 46
  doc_capsule: null
- kind: function
  name: min
  range:
  - 46
  - 46
  doc_capsule: null
- kind: function
  name: children
  range:
  - 47
  - 47
  doc_capsule: null
- kind: function
  name: Row
  range:
  - 49
  - 49
  doc_capsule: null
- kind: function
  name: children
  range:
  - 50
  - 50
  doc_capsule: null
- kind: function
  name: Expanded
  range:
  - 51
  - 51
  doc_capsule: null
- kind: function
  name: child
  range:
  - 52
  - 52
  doc_capsule: null
- kind: function
  name: Text
  range:
  - 52
  - 52
  doc_capsule: null
- kind: function
  name: appointment
  range:
  - 53
  - 53
  doc_capsule: null
- kind: function
  name: customer
  range:
  - 53
  - 53
  doc_capsule: null
- kind: function
  name: name
  range:
  - 53
  - 53
  doc_capsule: null
- kind: function
  name: style
  range:
  - 54
  - 54
  doc_capsule: null
- kind: function
  name: CalendarTheme
  range:
  - 54
  - 54
  doc_capsule: null
- kind: function
  name: appointmentTitleStyle
  range:
  - 54
  - 54
  doc_capsule: null
- kind: function
  name: copyWith
  range:
  - 54
  - 54
  doc_capsule: null
- kind: function
  name: color
  range:
  - 55
  - 55
  doc_capsule: null
- kind: function
  name: CalendarTheme
  range:
  - 55
  - 55
  doc_capsule: null
- kind: function
  name: getTextColorForBackground
  range:
  - 55
  - 55
  doc_capsule: null
- kind: function
  name: appointment
  range:
  - 55
  - 55
  doc_capsule: null
- kind: function
  name: color
  range:
  - 55
  - 55
  doc_capsule: null
- kind: function
  name: maxLines
  range:
  - 57
  - 57
  doc_capsule: null
- kind: function
  name: overflow
  range:
  - 58
  - 58
  doc_capsule: null
- kind: function
  name: TextOverflow
  range:
  - 58
  - 58
  doc_capsule: null
- kind: function
  name: ellipsis
  range:
  - 58
  - 58
  doc_capsule: null
- kind: function
  name: appointment
  range:
  - 61
  - 61
  doc_capsule: null
- kind: function
  name: status
  range:
  - 61
  - 61
  doc_capsule: null
- kind: function
  name: AppointmentStatus
  range:
  - 61
  - 61
  doc_capsule: null
- kind: function
  name: scheduled
  range:
  - 61
  - 61
  doc_capsule: null
- kind: function
  name: Container
  range:
  - 62
  - 62
  doc_capsule: null
- kind: function
  name: padding
  range:
  - 63
  - 63
  doc_capsule: null
- kind: function
  name: symmetric
  range:
  - 63
  - 63
  doc_capsule: null
- kind: function
  name: horizontal
  range:
  - 63
  - 63
  doc_capsule: null
- kind: function
  name: vertical
  range:
  - 63
  - 63
  doc_capsule: null
- kind: function
  name: decoration
  range:
  - 64
  - 64
  doc_capsule: null
- kind: function
  name: BoxDecoration
  range:
  - 64
  - 64
  doc_capsule: null
- kind: function
  name: color
  range:
  - 65
  - 65
  doc_capsule: null
- kind: function
  name: appointment
  range:
  - 65
  - 65
  doc_capsule: null
- kind: function
  name: statusColor
  range:
  - 65
  - 65
  doc_capsule: null
- kind: function
  name: withValues
  range:
  - 65
  - 65
  doc_capsule: null
- kind: function
  name: alpha
  range:
  - 65
  - 65
  doc_capsule: null
- kind: function
  name: borderRadius
  range:
  - 66
  - 66
  doc_capsule: null
- kind: function
  name: BorderRadius
  range:
  - 66
  - 66
  doc_capsule: null
- kind: function
  name: circular
  range:
  - 66
  - 66
  doc_capsule: null
- kind: function
  name: child
  range:
  - 68
  - 68
  doc_capsule: null
- kind: function
  name: Text
  range:
  - 68
  - 68
  doc_capsule: null
- kind: function
  name: _getStatusShortText
  range:
  - 69
  - 69
  doc_capsule: null
- kind: function
  name: appointment
  range:
  - 69
  - 69
  doc_capsule: null
- kind: function
  name: status
  range:
  - 69
  - 69
  doc_capsule: null
- kind: function
  name: style
  range:
  - 70
  - 70
  doc_capsule: null
- kind: function
  name: fontSize
  range:
  - 71
  - 71
  doc_capsule: null
- kind: function
  name: fontWeight
  range:
  - 72
  - 72
  doc_capsule: null
- kind: function
  name: FontWeight
  range:
  - 72
  - 72
  doc_capsule: null
- kind: function
  name: bold
  range:
  - 72
  - 72
  doc_capsule: null
- kind: function
  name: color
  range:
  - 73
  - 73
  doc_capsule: null
- kind: function
  name: Colors
  range:
  - 73
  - 73
  doc_capsule: null
- kind: function
  name: white
  range:
  - 73
  - 73
  doc_capsule: null
- kind: function
  name: height
  range:
  - 80
  - 80
  doc_capsule: null
- kind: function
  name: Text
  range:
  - 83
  - 83
  doc_capsule: null
- kind: function
  name: _formatTimeRange
  range:
  - 84
  - 84
  doc_capsule: null
- kind: function
  name: appointment
  range:
  - 84
  - 84
  doc_capsule: null
- kind: function
  name: startTime
  range:
  - 84
  - 84
  doc_capsule: null
- kind: function
  name: appointment
  range:
  - 84
  - 84
  doc_capsule: null
- kind: function
  name: endTime
  range:
  - 84
  - 84
  doc_capsule: null
- kind: function
  name: style
  range:
  - 85
  - 85
  doc_capsule: null
- kind: function
  name: CalendarTheme
  range:
  - 85
  - 85
  doc_capsule: null
- kind: function
  name: appointmentTimeStyle
  range:
  - 85
  - 85
  doc_capsule: null
- kind: function
  name: copyWith
  range:
  - 85
  - 85
  doc_capsule: null
- kind: function
  name: color
  range:
  - 86
  - 86
  doc_capsule: null
- kind: function
  name: CalendarTheme
  range:
  - 86
  - 86
  doc_capsule: null
- kind: function
  name: getTextColorForBackground
  range:
  - 86
  - 86
  doc_capsule: null
- kind: function
  name: appointment
  range:
  - 86
  - 86
  doc_capsule: null
- kind: function
  name: color
  range:
  - 86
  - 86
  doc_capsule: null
- kind: function
  name: withValues
  range:
  - 86
  - 86
  doc_capsule: null
- kind: function
  name: alpha
  range:
  - 86
  - 86
  doc_capsule: null
- kind: function
  name: appointment
  range:
  - 91
  - 91
  doc_capsule: null
- kind: function
  name: durationMinutes
  range:
  - 91
  - 91
  doc_capsule: null
- kind: function
  name: height
  range:
  - 92
  - 92
  doc_capsule: null
- kind: function
  name: _buildServicesRow
  range:
  - 93
  - 93
  doc_capsule: null
- kind: function
  name: appointment
  range:
  - 97
  - 97
  doc_capsule: null
- kind: function
  name: durationMinutes
  range:
  - 97
  - 97
  doc_capsule: null
- kind: function
  name: appointment
  range:
  - 97
  - 97
  doc_capsule: null
- kind: function
  name: notes
  range:
  - 97
  - 97
  doc_capsule: null
- kind: function
  name: isNotEmpty
  range:
  - 97
  - 97
  doc_capsule: null
- kind: function
  name: height
  range:
  - 98
  - 98
  doc_capsule: null
- kind: function
  name: Text
  range:
  - 99
  - 99
  doc_capsule: null
- kind: function
  name: appointment
  range:
  - 100
  - 100
  doc_capsule: null
- kind: function
  name: notes
  range:
  - 100
  - 100
  doc_capsule: null
- kind: function
  name: style
  range:
  - 101
  - 101
  doc_capsule: null
- kind: function
  name: CalendarTheme
  range:
  - 101
  - 101
  doc_capsule: null
- kind: function
  name: appointmentSubtitleStyle
  range:
  - 101
  - 101
  doc_capsule: null
- kind: function
  name: copyWith
  range:
  - 101
  - 101
  doc_capsule: null
- kind: function
  name: color
  range:
  - 102
  - 102
  doc_capsule: null
- kind: function
  name: CalendarTheme
  range:
  - 102
  - 102
  doc_capsule: null
- kind: function
  name: getTextColorForBackground
  range:
  - 102
  - 102
  doc_capsule: null
- kind: function
  name: appointment
  range:
  - 102
  - 102
  doc_capsule: null
- kind: function
  name: color
  range:
  - 102
  - 102
  doc_capsule: null
- kind: function
  name: withValues
  range:
  - 102
  - 102
  doc_capsule: null
- kind: function
  name: alpha
  range:
  - 102
  - 102
  doc_capsule: null
- kind: function
  name: fontStyle
  range:
  - 103
  - 103
  doc_capsule: null
- kind: function
  name: FontStyle
  range:
  - 103
  - 103
  doc_capsule: null
- kind: function
  name: italic
  range:
  - 103
  - 103
  doc_capsule: null
- kind: function
  name: maxLines
  range:
  - 105
  - 105
  doc_capsule: null
- kind: function
  name: overflow
  range:
  - 106
  - 106
  doc_capsule: null
- kind: function
  name: TextOverflow
  range:
  - 106
  - 106
  doc_capsule: null
- kind: function
  name: ellipsis
  range:
  - 106
  - 106
  doc_capsule: null
- kind: function
  name: _buildServicesRow
  range:
  - 117
  - 117
  doc_capsule: null
- kind: function
  name: appointment
  range:
  - 118
  - 118
  doc_capsule: null
- kind: function
  name: services
  range:
  - 118
  - 118
  doc_capsule: null
- kind: function
  name: isEmpty
  range:
  - 118
  - 118
  doc_capsule: null
- kind: function
  name: shrink
  range:
  - 119
  - 119
  doc_capsule: null
- kind: function
  name: firstService
  range:
  - 123
  - 123
  doc_capsule: null
- kind: function
  name: appointment
  range:
  - 123
  - 123
  doc_capsule: null
- kind: function
  name: services
  range:
  - 123
  - 123
  doc_capsule: null
- kind: function
  name: first
  range:
  - 123
  - 123
  doc_capsule: null
- kind: function
  name: additionalCount
  range:
  - 124
  - 124
  doc_capsule: null
- kind: function
  name: appointment
  range:
  - 124
  - 124
  doc_capsule: null
- kind: function
  name: services
  range:
  - 124
  - 124
  doc_capsule: null
- kind: function
  name: length
  range:
  - 124
  - 124
  doc_capsule: null
- kind: function
  name: Row
  range:
  - 126
  - 126
  doc_capsule: null
- kind: function
  name: children
  range:
  - 127
  - 127
  doc_capsule: null
- kind: function
  name: ServiceCategoryIcon
  range:
  - 129
  - 129
  doc_capsule: null
- kind: function
  name: categoryId
  range:
  - 130
  - 130
  doc_capsule: null
- kind: function
  name: firstService
  range:
  - 130
  - 130
  doc_capsule: null
- kind: function
  name: categoryId
  range:
  - 130
  - 130
  doc_capsule: null
- kind: function
  name: serviceName
  range:
  - 131
  - 131
  doc_capsule: null
- kind: function
  name: firstService
  range:
  - 131
  - 131
  doc_capsule: null
- kind: function
  name: name
  range:
  - 131
  - 131
  doc_capsule: null
- kind: function
  name: size
  range:
  - 132
  - 132
  doc_capsule: null
- kind: function
  name: showTooltip
  range:
  - 133
  - 133
  doc_capsule: null
- kind: function
  name: width
  range:
  - 135
  - 135
  doc_capsule: null
- kind: function
  name: Expanded
  range:
  - 138
  - 138
  doc_capsule: null
- kind: function
  name: child
  range:
  - 139
  - 139
  doc_capsule: null
- kind: function
  name: Text
  range:
  - 139
  - 139
  doc_capsule: null
- kind: function
  name: firstService
  range:
  - 140
  - 140
  doc_capsule: null
- kind: function
  name: name
  range:
  - 140
  - 140
  doc_capsule: null
- kind: function
  name: style
  range:
  - 141
  - 141
  doc_capsule: null
- kind: function
  name: CalendarTheme
  range:
  - 141
  - 141
  doc_capsule: null
- kind: function
  name: appointmentSubtitleStyle
  range:
  - 141
  - 141
  doc_capsule: null
- kind: function
  name: copyWith
  range:
  - 141
  - 141
  doc_capsule: null
- kind: function
  name: color
  range:
  - 142
  - 142
  doc_capsule: null
- kind: function
  name: CalendarTheme
  range:
  - 142
  - 142
  doc_capsule: null
- kind: function
  name: getTextColorForBackground
  range:
  - 142
  - 142
  doc_capsule: null
- kind: function
  name: appointment
  range:
  - 142
  - 142
  doc_capsule: null
- kind: function
  name: color
  range:
  - 142
  - 142
  doc_capsule: null
- kind: function
  name: withValues
  range:
  - 142
  - 142
  doc_capsule: null
- kind: function
  name: alpha
  range:
  - 142
  - 142
  doc_capsule: null
- kind: function
  name: maxLines
  range:
  - 144
  - 144
  doc_capsule: null
- kind: function
  name: overflow
  range:
  - 145
  - 145
  doc_capsule: null
- kind: function
  name: TextOverflow
  range:
  - 145
  - 145
  doc_capsule: null
- kind: function
  name: ellipsis
  range:
  - 145
  - 145
  doc_capsule: null
- kind: function
  name: additionalCount
  range:
  - 150
  - 150
  doc_capsule: null
- kind: function
  name: Container
  range:
  - 151
  - 151
  doc_capsule: null
- kind: function
  name: padding
  range:
  - 152
  - 152
  doc_capsule: null
- kind: function
  name: symmetric
  range:
  - 152
  - 152
  doc_capsule: null
- kind: function
  name: horizontal
  range:
  - 152
  - 152
  doc_capsule: null
- kind: function
  name: vertical
  range:
  - 152
  - 152
  doc_capsule: null
- kind: function
  name: decoration
  range:
  - 153
  - 153
  doc_capsule: null
- kind: function
  name: BoxDecoration
  range:
  - 153
  - 153
  doc_capsule: null
- kind: function
  name: color
  range:
  - 154
  - 154
  doc_capsule: null
- kind: function
  name: Colors
  range:
  - 154
  - 154
  doc_capsule: null
- kind: function
  name: black
  range:
  - 154
  - 154
  doc_capsule: null
- kind: function
  name: withValues
  range:
  - 154
  - 154
  doc_capsule: null
- kind: function
  name: alpha
  range:
  - 154
  - 154
  doc_capsule: null
- kind: function
  name: borderRadius
  range:
  - 155
  - 155
  doc_capsule: null
- kind: function
  name: BorderRadius
  range:
  - 155
  - 155
  doc_capsule: null
- kind: function
  name: circular
  range:
  - 155
  - 155
  doc_capsule: null
- kind: function
  name: child
  range:
  - 157
  - 157
  doc_capsule: null
- kind: function
  name: Text
  range:
  - 157
  - 157
  doc_capsule: null
- kind: function
  name: style
  range:
  - 159
  - 159
  doc_capsule: null
- kind: function
  name: fontSize
  range:
  - 160
  - 160
  doc_capsule: null
- kind: function
  name: fontWeight
  range:
  - 161
  - 161
  doc_capsule: null
- kind: function
  name: FontWeight
  range:
  - 161
  - 161
  doc_capsule: null
- kind: function
  name: bold
  range:
  - 161
  - 161
  doc_capsule: null
- kind: function
  name: color
  range:
  - 162
  - 162
  doc_capsule: null
- kind: function
  name: Colors
  range:
  - 162
  - 162
  doc_capsule: null
- kind: function
  name: white
  range:
  - 162
  - 162
  doc_capsule: null
- kind: function
  name: _formatTimeRange
  range:
  - 170
  - 170
  doc_capsule: null
- kind: function
  name: start
  range:
  - 170
  - 170
  doc_capsule: null
- kind: function
  name: end
  range:
  - 170
  - 170
  doc_capsule: null
- kind: function
  name: startFormatted
  range:
  - 171
  - 171
  doc_capsule: null
- kind: function
  name: DateFormat
  range:
  - 171
  - 171
  doc_capsule: null
- kind: function
  name: jm
  range:
  - 171
  - 171
  doc_capsule: null
- kind: function
  name: format
  range:
  - 171
  - 171
  doc_capsule: null
- kind: function
  name: start
  range:
  - 171
  - 171
  doc_capsule: null
- kind: function
  name: endFormatted
  range:
  - 172
  - 172
  doc_capsule: null
- kind: function
  name: DateFormat
  range:
  - 172
  - 172
  doc_capsule: null
- kind: function
  name: jm
  range:
  - 172
  - 172
  doc_capsule: null
- kind: function
  name: format
  range:
  - 172
  - 172
  doc_capsule: null
- kind: function
  name: end
  range:
  - 172
  - 172
  doc_capsule: null
- kind: function
  name: start
  range:
  - 175
  - 175
  doc_capsule: null
- kind: function
  name: hour
  range:
  - 175
  - 175
  doc_capsule: null
- kind: function
  name: end
  range:
  - 175
  - 175
  doc_capsule: null
- kind: function
  name: hour
  range:
  - 175
  - 175
  doc_capsule: null
- kind: function
  name: DateFormat
  range:
  - 177
  - 177
  doc_capsule: null
- kind: function
  name: jm
  range:
  - 177
  - 177
  doc_capsule: null
- kind: function
  name: format
  range:
  - 177
  - 177
  doc_capsule: null
- kind: function
  name: start
  range:
  - 177
  - 177
  doc_capsule: null
- kind: function
  name: replaceAll
  range:
  - 177
  - 177
  doc_capsule: null
- kind: function
  name: DateFormat
  range:
  - 177
  - 177
  doc_capsule: null
- kind: function
  name: jm
  range:
  - 177
  - 177
  doc_capsule: null
- kind: function
  name: format
  range:
  - 177
  - 177
  doc_capsule: null
- kind: function
  name: end
  range:
  - 177
  - 177
  doc_capsule: null
- kind: function
  name: start
  range:
  - 178
  - 178
  doc_capsule: null
- kind: function
  name: hour
  range:
  - 178
  - 178
  doc_capsule: null
- kind: function
  name: end
  range:
  - 178
  - 178
  doc_capsule: null
- kind: function
  name: hour
  range:
  - 178
  - 178
  doc_capsule: null
- kind: function
  name: DateFormat
  range:
  - 180
  - 180
  doc_capsule: null
- kind: function
  name: jm
  range:
  - 180
  - 180
  doc_capsule: null
- kind: function
  name: format
  range:
  - 180
  - 180
  doc_capsule: null
- kind: function
  name: start
  range:
  - 180
  - 180
  doc_capsule: null
- kind: function
  name: replaceAll
  range:
  - 180
  - 180
  doc_capsule: null
- kind: function
  name: DateFormat
  range:
  - 180
  - 180
  doc_capsule: null
- kind: function
  name: jm
  range:
  - 180
  - 180
  doc_capsule: null
- kind: function
  name: format
  range:
  - 180
  - 180
  doc_capsule: null
- kind: function
  name: end
  range:
  - 180
  - 180
  doc_capsule: null
- kind: function
  name: _getStatusShortText
  range:
  - 187
  - 187
  doc_capsule: null
- kind: function
  name: status
  range:
  - 187
  - 187
  doc_capsule: null
- kind: function
  name: status
  range:
  - 188
  - 188
  doc_capsule: null
- kind: function
  name: scheduled
  range:
  - 189
  - 189
  doc_capsule: null
- kind: function
  name: confirmed
  range:
  - 191
  - 191
  doc_capsule: null
- kind: function
  name: checkedIn
  range:
  - 193
  - 193
  doc_capsule: null
- kind: function
  name: inProgress
  range:
  - 195
  - 195
  doc_capsule: null
- kind: function
  name: completed
  range:
  - 197
  - 197
  doc_capsule: null
- kind: function
  name: cancelled
  range:
  - 199
  - 199
  doc_capsule: null
- kind: function
  name: noShow
  range:
  - 201
  - 201
  doc_capsule: null
- kind: function
  name: rescheduled
  range:
  - 203
  - 203
  doc_capsule: null
imports: []
usage_slices: []
call_graph: []
